# THIS IS AN AUTOGENERATED FILE. DO NOT EDIT THIS FILE DIRECTLY.
# yarn lockfile v1


"@types/pdfjs-dist@^2.1.5":
  version "2.1.5"
  resolved "https://registry.npmjs.org/@types/pdfjs-dist/-/pdfjs-dist-2.1.5.tgz#98d7c8796919828bbdcdf364ca6bf82105b9246e"
  integrity sha512-/vs9nLI/BYNo1pobKR5oEucEEcMgd8Mx1nByPNR3QhTboBwdDreQ0fHYXrGRtK3cShDDrVdApL0KhMckMuKSHw==

pdfjs-dist@^2.4.456:
  version "2.4.456"
  resolved "https://registry.npmjs.org/pdfjs-dist/-/pdfjs-dist-2.4.456.tgz#0eaad2906cda866bbb393e79a0e5b4e68bd75520"
  integrity sha512-yckJEHq3F48hcp6wStEpbN9McOj328Ib09UrBlGAKxvN2k+qYPN5iq6TH6jD1C0pso7zTep+g/CKsYgdrQd5QA==

typescript@^3.9.7:
  version "3.9.7"
  resolved "https://registry.npmjs.org/typescript/-/typescript-3.9.7.tgz#98d600a5ebdc38f40cb277522f12dc800e9e25fa"
  integrity sha512-BLbiRkiBzAwsjut4x/dsibSTB6yWpwT5qWmC2OfuCg3GgVQCSgMs4vEctYPhsaGtd0AeuuHMkjZ2h2WG8MSzRw==
